# This file is automatically @generated by Cargo.
# It is not intended for manual editing.
version = 4

[[package]]
name = "apogee-addons"
version = "0.0.0"

[[package]]
name = "apogee-cli"
version = "0.0.0"

[[package]]
name = "apogee-core"
version = "0.0.0"

[[package]]
name = "apogee-elevated"
version = "0.0.0"

[[package]]
name = "apogee-fetch"
version = "0.0.0"

[[package]]
name = "apogee-otp"
version = "0.0.0"

[[package]]
name = "apogee-patcher"
version = "0.0.0"

[[package]]
name = "apogee-runtime"
version = "0.0.0"

[[package]]
name = "apogee-secrets"
version = "0.0.0"

[[package]]
name = "apogee-sqpack"
version = "0.0.0"

[[package]]
name = "apogee-test-support"
version = "0.0.0"

[[package]]
name = "apogee-zipatch"
version = "0.0.0"

[[package]]
name = "sqex-crypto"
version = "0.0.0"

[[package]]
name = "sqex-proto"
version = "0.0.0"
